
Microsoft Visual Studio Solution File, Format Version 12.00
# Visual Studio Version 16
VisualStudioVersion = 16.0.31729.503
MinimumVisualStudioVersion = 10.0.40219.1
Project("{FAE04EC0-301F-11D3-BF4B-00C04F79EFBC}") = "KiemTra_DoTranSang_1911061851", "KiemTra_DoTranSang_1911061851\KiemTra_DoTranSang_1911061851.csproj", "{C67DAD12-897F-48CA-BEB3-988EBDBEBD65}"
EndProject
Global
	GlobalSection(SolutionConfigurationPlatforms) = preSolution
		Debug|Any CPU = Debug|Any CPU
		Release|Any CPU = Release|Any CPU
	EndGlobalSection
	GlobalSection(ProjectConfigurationPlatforms) = postSolution
		{C67DAD12-897F-48CA-BEB3-988EBDBEBD65}.Debug|Any CPU.ActiveCfg = Debug|Any CPU
		{C67DAD12-897F-48CA-BEB3-988EBDBEBD65}.Debug|Any CPU.Build.0 = Debug|Any CPU
		{C67DAD12-897F-48CA-BEB3-988EBDBEBD65}.Release|Any CPU.ActiveCfg = Release|Any CPU
		{C67DAD12-897F-48CA-BEB3-988EBDBEBD65}.Release|Any CPU.Build.0 = Release|Any CPU
	EndGlobalSection
	GlobalSection(SolutionProperties) = preSolution
		HideSolutionNode = FALSE
	EndGlobalSection
	GlobalSection(ExtensibilityGlobals) = postSolution
		SolutionGuid = {EDE4F599-3DDB-4493-AAFD-18259025116B}
	EndGlobalSection
EndGlobal
